{
  "name": "js",
  "lockfileVersion": 2,
  "requires": true,
  "packages": {
    "": {
      "dependencies": {
        "@cortex-js/compute-engine": "^0.4.2"
      }
    },
    "node_modules/@cortex-js/compute-engine": {
      "version": "0.4.2",
      "resolved": "https://registry.npmjs.org/@cortex-js/compute-engine/-/compute-engine-0.4.2.tgz",
      "integrity": "sha512-ri6CHomyXvp9aWyu3ZibHzN4xNyyf/8n5YJyQWTqypwk8jPwxa+GNPd/hbJXOhwz+YDnrkp7dMqhdl31DAH+cg==",
      "dependencies": {
        "complex.js": "^2.0.13",
        "decimal.js": "^10.2.1"
      },
      "engines": {
        "node": ">=12.0.0",
        "npm": ">=6.14.8"
      }
    },
    "node_modules/complex.js": {
      "version": "2.0.15",
      "resolved": "https://registry.npmjs.org/complex.js/-/complex.js-2.0.15.tgz",
      "integrity": "sha512-gDBvQU8IG139ZBQTSo2qvDFP+lANMGluM779csXOr6ny1NUtA3wkUnCFjlDNH/moAVfXtvClYt6G0zarFbtz5w==",
      "engines": {
        "node": "*"
      },
      "funding": {
        "type": "patreon",
        "url": "https://www.patreon.com/infusion"
      }
    },
    "node_modules/decimal.js": {
      "version": "10.3.1",
      "resolved": "https://registry.npmjs.org/decimal.js/-/decimal.js-10.3.1.tgz",
      "integrity": "sha512-V0pfhfr8suzyPGOx3nmq4aHqabehUZn6Ch9kyFpV79TGDTWFmHqUqXdabR7QHqxzrYolF4+tVmJhUG4OURg5dQ=="
    }
  },
  "dependencies": {
    "@cortex-js/compute-engine": {
      "version": "0.4.2",
      "resolved": "https://registry.npmjs.org/@cortex-js/compute-engine/-/compute-engine-0.4.2.tgz",
      "integrity": "sha512-ri6CHomyXvp9aWyu3ZibHzN4xNyyf/8n5YJyQWTqypwk8jPwxa+GNPd/hbJXOhwz+YDnrkp7dMqhdl31DAH+cg==",
      "requires": {
        "complex.js": "^2.0.13",
        "decimal.js": "^10.2.1"
      }
    },
    "complex.js": {
      "version": "2.0.15",
      "resolved": "https://registry.npmjs.org/complex.js/-/complex.js-2.0.15.tgz",
      "integrity": "sha512-gDBvQU8IG139ZBQTSo2qvDFP+lANMGluM779csXOr6ny1NUtA3wkUnCFjlDNH/moAVfXtvClYt6G0zarFbtz5w=="
    },
    "decimal.js": {
      "version": "10.3.1",
      "resolved": "https://registry.npmjs.org/decimal.js/-/decimal.js-10.3.1.tgz",
      "integrity": "sha512-V0pfhfr8suzyPGOx3nmq4aHqabehUZn6Ch9kyFpV79TGDTWFmHqUqXdabR7QHqxzrYolF4+tVmJhUG4OURg5dQ=="
    }
  }
}
